
Microsoft Visual Studio Solution File, Format Version 12.00
# Visual Studio 15
VisualStudioVersion = 15.0.26730.10
MinimumVisualStudioVersion = 10.0.40219.1

Project("{6EC3EE1D-3C4E-46DD-8F32-0CC8E7565705}") = "IotLedColorChanger", "IotLedColorChanger\IotLedColorChanger.fsproj", "{D18490B5-8E63-4009-92CD-BC59646B954F}"
EndProject

Project("{F2A71F9B-5D33-465A-A702-920D77279786}") = "IotLedColorChanger.Android", "IotLedColorChanger.Android\IotLedColorChanger.Android.fsproj", "{021790E4-8365-4B0B-B0F8-62686EB63127}"
EndProject

Project("{F2A71F9B-5D33-465A-A702-920D77279786}") = "IotLedColorChanger.iOS", "IotLedColorChanger.iOS\IotLedColorChanger.iOS.fsproj", "{D51BE544-6600-4074-8BDC-92B6CA4E19F3}"
EndProject




Global
	GlobalSection(SolutionConfigurationPlatforms) = preSolution
		Ad-Hoc|Any CPU = Ad-Hoc|Any CPU
		Ad-Hoc|ARM = Ad-Hoc|ARM
		Ad-Hoc|iPhone = Ad-Hoc|iPhone
		Ad-Hoc|iPhoneSimulator = Ad-Hoc|iPhoneSimulator
		Ad-Hoc|x64 = Ad-Hoc|x64
		Ad-Hoc|x86 = Ad-Hoc|x86
		AppStore|Any CPU = AppStore|Any CPU
		AppStore|ARM = AppStore|ARM
		AppStore|iPhone = AppStore|iPhone
		AppStore|iPhoneSimulator = AppStore|iPhoneSimulator
		AppStore|x64 = AppStore|x64
		AppStore|x86 = AppStore|x86
		Debug|Any CPU = Debug|Any CPU
		Debug|ARM = Debug|ARM
		Debug|iPhone = Debug|iPhone
		Debug|iPhoneSimulator = Debug|iPhoneSimulator
		Debug|x64 = Debug|x64
		Debug|x86 = Debug|x86
		Release|Any CPU = Release|Any CPU
		Release|ARM = Release|ARM
		Release|iPhone = Release|iPhone
		Release|iPhoneSimulator = Release|iPhoneSimulator
		Release|x64 = Release|x64
		Release|x86 = Release|x86
	EndGlobalSection
	GlobalSection(ProjectConfigurationPlatforms) = postSolution
		{D18490B5-8E63-4009-92CD-BC59646B954F}.Ad-Hoc|Any CPU.ActiveCfg = Debug|Any CPU
		{D18490B5-8E63-4009-92CD-BC59646B954F}.Ad-Hoc|Any CPU.Build.0 = Debug|Any CPU
		{D18490B5-8E63-4009-92CD-BC59646B954F}.Ad-Hoc|ARM.ActiveCfg = Debug|Any CPU
		{D18490B5-8E63-4009-92CD-BC59646B954F}.Ad-Hoc|ARM.Build.0 = Debug|Any CPU
		{D18490B5-8E63-4009-92CD-BC59646B954F}.Ad-Hoc|iPhone.ActiveCfg = Debug|Any CPU
		{D18490B5-8E63-4009-92CD-BC59646B954F}.Ad-Hoc|iPhone.Build.0 = Debug|Any CPU
		{D18490B5-8E63-4009-92CD-BC59646B954F}.Ad-Hoc|iPhoneSimulator.ActiveCfg = Debug|Any CPU
		{D18490B5-8E63-4009-92CD-BC59646B954F}.Ad-Hoc|iPhoneSimulator.Build.0 = Debug|Any CPU
		{D18490B5-8E63-4009-92CD-BC59646B954F}.Ad-Hoc|x64.ActiveCfg = Debug|Any CPU
		{D18490B5-8E63-4009-92CD-BC59646B954F}.Ad-Hoc|x64.Build.0 = Debug|Any CPU
		{D18490B5-8E63-4009-92CD-BC59646B954F}.Ad-Hoc|x86.ActiveCfg = Debug|Any CPU
		{D18490B5-8E63-4009-92CD-BC59646B954F}.Ad-Hoc|x86.Build.0 = Debug|Any CPU
		{D18490B5-8E63-4009-92CD-BC59646B954F}.AppStore|Any CPU.ActiveCfg = Debug|Any CPU
		{D18490B5-8E63-4009-92CD-BC59646B954F}.AppStore|Any CPU.Build.0 = Debug|Any CPU
		{D18490B5-8E63-4009-92CD-BC59646B954F}.AppStore|ARM.ActiveCfg = Debug|Any CPU
		{D18490B5-8E63-4009-92CD-BC59646B954F}.AppStore|ARM.Build.0 = Debug|Any CPU
		{D18490B5-8E63-4009-92CD-BC59646B954F}.AppStore|iPhone.ActiveCfg = Debug|Any CPU
		{D18490B5-8E63-4009-92CD-BC59646B954F}.AppStore|iPhone.Build.0 = Debug|Any CPU
		{D18490B5-8E63-4009-92CD-BC59646B954F}.AppStore|iPhoneSimulator.ActiveCfg = Debug|Any CPU
		{D18490B5-8E63-4009-92CD-BC59646B954F}.AppStore|iPhoneSimulator.Build.0 = Debug|Any CPU
		{D18490B5-8E63-4009-92CD-BC59646B954F}.AppStore|x64.ActiveCfg = Debug|Any CPU
		{D18490B5-8E63-4009-92CD-BC59646B954F}.AppStore|x64.Build.0 = Debug|Any CPU
		{D18490B5-8E63-4009-92CD-BC59646B954F}.AppStore|x86.ActiveCfg = Debug|Any CPU
		{D18490B5-8E63-4009-92CD-BC59646B954F}.AppStore|x86.Build.0 = Debug|Any CPU
		{D18490B5-8E63-4009-92CD-BC59646B954F}.Debug|Any CPU.ActiveCfg = Debug|Any CPU
		{D18490B5-8E63-4009-92CD-BC59646B954F}.Debug|Any CPU.Build.0 = Debug|Any CPU
		{D18490B5-8E63-4009-92CD-BC59646B954F}.Debug|ARM.ActiveCfg = Debug|Any CPU
		{D18490B5-8E63-4009-92CD-BC59646B954F}.Debug|ARM.Build.0 = Debug|Any CPU
		{D18490B5-8E63-4009-92CD-BC59646B954F}.Debug|iPhone.ActiveCfg = Debug|Any CPU
		{D18490B5-8E63-4009-92CD-BC59646B954F}.Debug|iPhone.Build.0 = Debug|Any CPU
		{D18490B5-8E63-4009-92CD-BC59646B954F}.Debug|iPhoneSimulator.ActiveCfg = Debug|Any CPU
		{D18490B5-8E63-4009-92CD-BC59646B954F}.Debug|iPhoneSimulator.Build.0 = Debug|Any CPU
		{D18490B5-8E63-4009-92CD-BC59646B954F}.Debug|x64.ActiveCfg = Debug|Any CPU
		{D18490B5-8E63-4009-92CD-BC59646B954F}.Debug|x64.Build.0 = Debug|Any CPU
		{D18490B5-8E63-4009-92CD-BC59646B954F}.Debug|x86.ActiveCfg = Debug|Any CPU
		{D18490B5-8E63-4009-92CD-BC59646B954F}.Debug|x86.Build.0 = Debug|Any CPU
		{D18490B5-8E63-4009-92CD-BC59646B954F}.Release|Any CPU.ActiveCfg = Release|Any CPU
		{D18490B5-8E63-4009-92CD-BC59646B954F}.Release|Any CPU.Build.0 = Release|Any CPU
		{D18490B5-8E63-4009-92CD-BC59646B954F}.Release|ARM.ActiveCfg = Release|Any CPU
		{D18490B5-8E63-4009-92CD-BC59646B954F}.Release|ARM.Build.0 = Release|Any CPU
		{D18490B5-8E63-4009-92CD-BC59646B954F}.Release|iPhone.ActiveCfg = Release|Any CPU
		{D18490B5-8E63-4009-92CD-BC59646B954F}.Release|iPhone.Build.0 = Release|Any CPU
		{D18490B5-8E63-4009-92CD-BC59646B954F}.Release|iPhoneSimulator.ActiveCfg = Release|Any CPU
		{D18490B5-8E63-4009-92CD-BC59646B954F}.Release|iPhoneSimulator.Build.0 = Release|Any CPU
		{D18490B5-8E63-4009-92CD-BC59646B954F}.Release|x64.ActiveCfg = Release|Any CPU
		{D18490B5-8E63-4009-92CD-BC59646B954F}.Release|x64.Build.0 = Release|Any CPU
		{D18490B5-8E63-4009-92CD-BC59646B954F}.Release|x86.ActiveCfg = Release|Any CPU
		{D18490B5-8E63-4009-92CD-BC59646B954F}.Release|x86.Build.0 = Release|Any CPU
		{D51BE544-6600-4074-8BDC-92B6CA4E19F3}.Ad-Hoc|Any CPU.ActiveCfg = Ad-Hoc|iPhone
		{D51BE544-6600-4074-8BDC-92B6CA4E19F3}.Ad-Hoc|ARM.ActiveCfg = Ad-Hoc|iPhone
		{D51BE544-6600-4074-8BDC-92B6CA4E19F3}.Ad-Hoc|iPhone.ActiveCfg = Ad-Hoc|iPhone
		{D51BE544-6600-4074-8BDC-92B6CA4E19F3}.Ad-Hoc|iPhone.Build.0 = Ad-Hoc|iPhone
		{D51BE544-6600-4074-8BDC-92B6CA4E19F3}.Ad-Hoc|iPhoneSimulator.ActiveCfg = Ad-Hoc|iPhoneSimulator
		{D51BE544-6600-4074-8BDC-92B6CA4E19F3}.Ad-Hoc|iPhoneSimulator.Build.0 = Ad-Hoc|iPhoneSimulator
		{D51BE544-6600-4074-8BDC-92B6CA4E19F3}.Ad-Hoc|x64.ActiveCfg = Ad-Hoc|iPhone
		{D51BE544-6600-4074-8BDC-92B6CA4E19F3}.Ad-Hoc|x86.ActiveCfg = Ad-Hoc|iPhone
		{D51BE544-6600-4074-8BDC-92B6CA4E19F3}.AppStore|Any CPU.ActiveCfg = AppStore|iPhone
		{D51BE544-6600-4074-8BDC-92B6CA4E19F3}.AppStore|ARM.ActiveCfg = AppStore|iPhone
		{D51BE544-6600-4074-8BDC-92B6CA4E19F3}.AppStore|iPhone.ActiveCfg = AppStore|iPhone
		{D51BE544-6600-4074-8BDC-92B6CA4E19F3}.AppStore|iPhone.Build.0 = AppStore|iPhone
		{D51BE544-6600-4074-8BDC-92B6CA4E19F3}.AppStore|iPhoneSimulator.ActiveCfg = AppStore|iPhoneSimulator
		{D51BE544-6600-4074-8BDC-92B6CA4E19F3}.AppStore|iPhoneSimulator.Build.0 = AppStore|iPhoneSimulator
		{D51BE544-6600-4074-8BDC-92B6CA4E19F3}.AppStore|x64.ActiveCfg = AppStore|iPhone
		{D51BE544-6600-4074-8BDC-92B6CA4E19F3}.AppStore|x86.ActiveCfg = AppStore|iPhone
		{D51BE544-6600-4074-8BDC-92B6CA4E19F3}.Debug|Any CPU.ActiveCfg = Debug|iPhone
		{D51BE544-6600-4074-8BDC-92B6CA4E19F3}.Debug|ARM.ActiveCfg = Debug|iPhone
		{D51BE544-6600-4074-8BDC-92B6CA4E19F3}.Debug|iPhone.ActiveCfg = Debug|iPhone
		{D51BE544-6600-4074-8BDC-92B6CA4E19F3}.Debug|iPhone.Build.0 = Debug|iPhone
		{D51BE544-6600-4074-8BDC-92B6CA4E19F3}.Debug|iPhoneSimulator.ActiveCfg = Debug|iPhoneSimulator
		{D51BE544-6600-4074-8BDC-92B6CA4E19F3}.Debug|iPhoneSimulator.Build.0 = Debug|iPhoneSimulator
		{D51BE544-6600-4074-8BDC-92B6CA4E19F3}.Debug|x64.ActiveCfg = Debug|iPhone
		{D51BE544-6600-4074-8BDC-92B6CA4E19F3}.Debug|x86.ActiveCfg = Debug|iPhone
		{D51BE544-6600-4074-8BDC-92B6CA4E19F3}.Release|Any CPU.ActiveCfg = Release|iPhone
		{D51BE544-6600-4074-8BDC-92B6CA4E19F3}.Release|ARM.ActiveCfg = Release|iPhone
		{D51BE544-6600-4074-8BDC-92B6CA4E19F3}.Release|iPhone.ActiveCfg = Release|iPhone
		{D51BE544-6600-4074-8BDC-92B6CA4E19F3}.Release|iPhone.Build.0 = Release|iPhone
		{D51BE544-6600-4074-8BDC-92B6CA4E19F3}.Release|iPhoneSimulator.ActiveCfg = Release|iPhoneSimulator
		{D51BE544-6600-4074-8BDC-92B6CA4E19F3}.Release|iPhoneSimulator.Build.0 = Release|iPhoneSimulator
		{D51BE544-6600-4074-8BDC-92B6CA4E19F3}.Release|x64.ActiveCfg = Release|iPhone
		{D51BE544-6600-4074-8BDC-92B6CA4E19F3}.Release|x86.ActiveCfg = Release|iPhone
		{98CFBAF0-D4E2-4EF7-9FA8-11E8C8644F0C}.Ad-Hoc|Any CPU.ActiveCfg = Release|x86
		{98CFBAF0-D4E2-4EF7-9FA8-11E8C8644F0C}.Ad-Hoc|Any CPU.Build.0 = Release|x86
		{98CFBAF0-D4E2-4EF7-9FA8-11E8C8644F0C}.Ad-Hoc|Any CPU.Deploy.0 = Release|x86
		{98CFBAF0-D4E2-4EF7-9FA8-11E8C8644F0C}.Ad-Hoc|ARM.ActiveCfg = Release|ARM
		{98CFBAF0-D4E2-4EF7-9FA8-11E8C8644F0C}.Ad-Hoc|ARM.Build.0 = Release|ARM
		{98CFBAF0-D4E2-4EF7-9FA8-11E8C8644F0C}.Ad-Hoc|ARM.Deploy.0 = Release|ARM
		{98CFBAF0-D4E2-4EF7-9FA8-11E8C8644F0C}.Ad-Hoc|iPhone.ActiveCfg = Release|x86
		{98CFBAF0-D4E2-4EF7-9FA8-11E8C8644F0C}.Ad-Hoc|iPhone.Build.0 = Release|x86
		{98CFBAF0-D4E2-4EF7-9FA8-11E8C8644F0C}.Ad-Hoc|iPhone.Deploy.0 = Release|x86
		{98CFBAF0-D4E2-4EF7-9FA8-11E8C8644F0C}.Ad-Hoc|iPhoneSimulator.ActiveCfg = Release|x86
		{98CFBAF0-D4E2-4EF7-9FA8-11E8C8644F0C}.Ad-Hoc|iPhoneSimulator.Build.0 = Release|x86
		{98CFBAF0-D4E2-4EF7-9FA8-11E8C8644F0C}.Ad-Hoc|iPhoneSimulator.Deploy.0 = Release|x86
		{98CFBAF0-D4E2-4EF7-9FA8-11E8C8644F0C}.Ad-Hoc|x64.ActiveCfg = Release|x64
		{98CFBAF0-D4E2-4EF7-9FA8-11E8C8644F0C}.Ad-Hoc|x64.Build.0 = Release|x64
		{98CFBAF0-D4E2-4EF7-9FA8-11E8C8644F0C}.Ad-Hoc|x64.Deploy.0 = Release|x64
		{98CFBAF0-D4E2-4EF7-9FA8-11E8C8644F0C}.Ad-Hoc|x86.ActiveCfg = Release|x86
		{98CFBAF0-D4E2-4EF7-9FA8-11E8C8644F0C}.Ad-Hoc|x86.Build.0 = Release|x86
		{98CFBAF0-D4E2-4EF7-9FA8-11E8C8644F0C}.Ad-Hoc|x86.Deploy.0 = Release|x86
		{98CFBAF0-D4E2-4EF7-9FA8-11E8C8644F0C}.AppStore|Any CPU.ActiveCfg = Release|x86
		{98CFBAF0-D4E2-4EF7-9FA8-11E8C8644F0C}.AppStore|Any CPU.Build.0 = Release|x86
		{98CFBAF0-D4E2-4EF7-9FA8-11E8C8644F0C}.AppStore|Any CPU.Deploy.0 = Release|x86
		{98CFBAF0-D4E2-4EF7-9FA8-11E8C8644F0C}.AppStore|ARM.ActiveCfg = Release|ARM
		{98CFBAF0-D4E2-4EF7-9FA8-11E8C8644F0C}.AppStore|ARM.Build.0 = Release|ARM
		{98CFBAF0-D4E2-4EF7-9FA8-11E8C8644F0C}.AppStore|ARM.Deploy.0 = Release|ARM
		{98CFBAF0-D4E2-4EF7-9FA8-11E8C8644F0C}.AppStore|iPhone.ActiveCfg = Release|x86
		{98CFBAF0-D4E2-4EF7-9FA8-11E8C8644F0C}.AppStore|iPhone.Build.0 = Release|x86
		{98CFBAF0-D4E2-4EF7-9FA8-11E8C8644F0C}.AppStore|iPhone.Deploy.0 = Release|x86
		{98CFBAF0-D4E2-4EF7-9FA8-11E8C8644F0C}.AppStore|iPhoneSimulator.ActiveCfg = Release|x86
		{98CFBAF0-D4E2-4EF7-9FA8-11E8C8644F0C}.AppStore|iPhoneSimulator.Build.0 = Release|x86
		{98CFBAF0-D4E2-4EF7-9FA8-11E8C8644F0C}.AppStore|iPhoneSimulator.Deploy.0 = Release|x86
		{98CFBAF0-D4E2-4EF7-9FA8-11E8C8644F0C}.AppStore|x64.ActiveCfg = Release|x64
		{98CFBAF0-D4E2-4EF7-9FA8-11E8C8644F0C}.AppStore|x64.Build.0 = Release|x64
		{98CFBAF0-D4E2-4EF7-9FA8-11E8C8644F0C}.AppStore|x64.Deploy.0 = Release|x64
		{98CFBAF0-D4E2-4EF7-9FA8-11E8C8644F0C}.AppStore|x86.ActiveCfg = Release|x86
		{98CFBAF0-D4E2-4EF7-9FA8-11E8C8644F0C}.AppStore|x86.Build.0 = Release|x86
		{98CFBAF0-D4E2-4EF7-9FA8-11E8C8644F0C}.AppStore|x86.Deploy.0 = Release|x86
		{98CFBAF0-D4E2-4EF7-9FA8-11E8C8644F0C}.Debug|Any CPU.ActiveCfg = Debug|x86
		{98CFBAF0-D4E2-4EF7-9FA8-11E8C8644F0C}.Debug|ARM.ActiveCfg = Debug|ARM
		{98CFBAF0-D4E2-4EF7-9FA8-11E8C8644F0C}.Debug|ARM.Build.0 = Debug|ARM
		{98CFBAF0-D4E2-4EF7-9FA8-11E8C8644F0C}.Debug|ARM.Deploy.0 = Debug|ARM
		{98CFBAF0-D4E2-4EF7-9FA8-11E8C8644F0C}.Debug|iPhone.ActiveCfg = Debug|x86
		{98CFBAF0-D4E2-4EF7-9FA8-11E8C8644F0C}.Debug|iPhoneSimulator.ActiveCfg = Debug|x86
		{98CFBAF0-D4E2-4EF7-9FA8-11E8C8644F0C}.Debug|x64.ActiveCfg = Debug|x64
		{98CFBAF0-D4E2-4EF7-9FA8-11E8C8644F0C}.Debug|x64.Build.0 = Debug|x64
		{98CFBAF0-D4E2-4EF7-9FA8-11E8C8644F0C}.Debug|x64.Deploy.0 = Debug|x64
		{98CFBAF0-D4E2-4EF7-9FA8-11E8C8644F0C}.Debug|x86.ActiveCfg = Debug|x86
		{98CFBAF0-D4E2-4EF7-9FA8-11E8C8644F0C}.Debug|x86.Build.0 = Debug|x86
		{98CFBAF0-D4E2-4EF7-9FA8-11E8C8644F0C}.Debug|x86.Deploy.0 = Debug|x86
		{98CFBAF0-D4E2-4EF7-9FA8-11E8C8644F0C}.Release|Any CPU.ActiveCfg = Release|x86
		{98CFBAF0-D4E2-4EF7-9FA8-11E8C8644F0C}.Release|ARM.ActiveCfg = Release|ARM
		{98CFBAF0-D4E2-4EF7-9FA8-11E8C8644F0C}.Release|ARM.Build.0 = Release|ARM
		{98CFBAF0-D4E2-4EF7-9FA8-11E8C8644F0C}.Release|ARM.Deploy.0 = Release|ARM
		{98CFBAF0-D4E2-4EF7-9FA8-11E8C8644F0C}.Release|iPhone.ActiveCfg = Release|x86
		{98CFBAF0-D4E2-4EF7-9FA8-11E8C8644F0C}.Release|iPhoneSimulator.ActiveCfg = Release|x86
		{98CFBAF0-D4E2-4EF7-9FA8-11E8C8644F0C}.Release|x64.ActiveCfg = Release|x64
		{98CFBAF0-D4E2-4EF7-9FA8-11E8C8644F0C}.Release|x64.Build.0 = Release|x64
		{98CFBAF0-D4E2-4EF7-9FA8-11E8C8644F0C}.Release|x64.Deploy.0 = Release|x64
		{98CFBAF0-D4E2-4EF7-9FA8-11E8C8644F0C}.Release|x86.ActiveCfg = Release|x86
		{98CFBAF0-D4E2-4EF7-9FA8-11E8C8644F0C}.Release|x86.Build.0 = Release|x86
		{98CFBAF0-D4E2-4EF7-9FA8-11E8C8644F0C}.Release|x86.Deploy.0 = Release|x86
		{C26CEE2C-AC8C-4A30-8D2B-D14837B9424C}.Ad-Hoc|Any CPU.ActiveCfg = Release|Any CPU
		{C26CEE2C-AC8C-4A30-8D2B-D14837B9424C}.Ad-Hoc|Any CPU.Build.0 = Release|Any CPU
		{C26CEE2C-AC8C-4A30-8D2B-D14837B9424C}.Ad-Hoc|ARM.ActiveCfg = Release|Any CPU
		{C26CEE2C-AC8C-4A30-8D2B-D14837B9424C}.Ad-Hoc|ARM.Build.0 = Release|Any CPU
		{C26CEE2C-AC8C-4A30-8D2B-D14837B9424C}.Ad-Hoc|iPhone.ActiveCfg = Release|Any CPU
		{C26CEE2C-AC8C-4A30-8D2B-D14837B9424C}.Ad-Hoc|iPhone.Build.0 = Release|Any CPU
		{C26CEE2C-AC8C-4A30-8D2B-D14837B9424C}.Ad-Hoc|iPhoneSimulator.ActiveCfg = Release|Any CPU
		{C26CEE2C-AC8C-4A30-8D2B-D14837B9424C}.Ad-Hoc|iPhoneSimulator.Build.0 = Release|Any CPU
		{C26CEE2C-AC8C-4A30-8D2B-D14837B9424C}.Ad-Hoc|x64.ActiveCfg = Release|Any CPU
		{C26CEE2C-AC8C-4A30-8D2B-D14837B9424C}.Ad-Hoc|x64.Build.0 = Release|Any CPU
		{C26CEE2C-AC8C-4A30-8D2B-D14837B9424C}.Ad-Hoc|x86.ActiveCfg = Release|Any CPU
		{C26CEE2C-AC8C-4A30-8D2B-D14837B9424C}.Ad-Hoc|x86.Build.0 = Release|Any CPU
		{C26CEE2C-AC8C-4A30-8D2B-D14837B9424C}.AppStore|Any CPU.ActiveCfg = Release|Any CPU
		{C26CEE2C-AC8C-4A30-8D2B-D14837B9424C}.AppStore|Any CPU.Build.0 = Release|Any CPU
		{C26CEE2C-AC8C-4A30-8D2B-D14837B9424C}.AppStore|ARM.ActiveCfg = Release|Any CPU
		{C26CEE2C-AC8C-4A30-8D2B-D14837B9424C}.AppStore|ARM.Build.0 = Release|Any CPU
		{C26CEE2C-AC8C-4A30-8D2B-D14837B9424C}.AppStore|iPhone.ActiveCfg = Release|Any CPU
		{C26CEE2C-AC8C-4A30-8D2B-D14837B9424C}.AppStore|iPhone.Build.0 = Release|Any CPU
		{C26CEE2C-AC8C-4A30-8D2B-D14837B9424C}.AppStore|iPhoneSimulator.ActiveCfg = Release|Any CPU
		{C26CEE2C-AC8C-4A30-8D2B-D14837B9424C}.AppStore|iPhoneSimulator.Build.0 = Release|Any CPU
		{C26CEE2C-AC8C-4A30-8D2B-D14837B9424C}.AppStore|x64.ActiveCfg = Release|Any CPU
		{C26CEE2C-AC8C-4A30-8D2B-D14837B9424C}.AppStore|x64.Build.0 = Release|Any CPU
		{C26CEE2C-AC8C-4A30-8D2B-D14837B9424C}.AppStore|x86.ActiveCfg = Release|Any CPU
		{C26CEE2C-AC8C-4A30-8D2B-D14837B9424C}.AppStore|x86.Build.0 = Release|Any CPU
		{C26CEE2C-AC8C-4A30-8D2B-D14837B9424C}.Debug|Any CPU.ActiveCfg = Debug|Any CPU
		{C26CEE2C-AC8C-4A30-8D2B-D14837B9424C}.Debug|Any CPU.Build.0 = Debug|Any CPU
		{C26CEE2C-AC8C-4A30-8D2B-D14837B9424C}.Debug|ARM.ActiveCfg = Debug|Any CPU
		{C26CEE2C-AC8C-4A30-8D2B-D14837B9424C}.Debug|ARM.Build.0 = Debug|Any CPU
		{C26CEE2C-AC8C-4A30-8D2B-D14837B9424C}.Debug|iPhone.ActiveCfg = Debug|Any CPU
		{C26CEE2C-AC8C-4A30-8D2B-D14837B9424C}.Debug|iPhone.Build.0 = Debug|Any CPU
		{C26CEE2C-AC8C-4A30-8D2B-D14837B9424C}.Debug|iPhoneSimulator.ActiveCfg = Debug|Any CPU
		{C26CEE2C-AC8C-4A30-8D2B-D14837B9424C}.Debug|iPhoneSimulator.Build.0 = Debug|Any CPU
		{C26CEE2C-AC8C-4A30-8D2B-D14837B9424C}.Debug|x64.ActiveCfg = Debug|Any CPU
		{C26CEE2C-AC8C-4A30-8D2B-D14837B9424C}.Debug|x64.Build.0 = Debug|Any CPU
		{C26CEE2C-AC8C-4A30-8D2B-D14837B9424C}.Debug|x86.ActiveCfg = Debug|Any CPU
		{C26CEE2C-AC8C-4A30-8D2B-D14837B9424C}.Debug|x86.Build.0 = Debug|Any CPU
		{C26CEE2C-AC8C-4A30-8D2B-D14837B9424C}.Release|Any CPU.ActiveCfg = Release|Any CPU
		{C26CEE2C-AC8C-4A30-8D2B-D14837B9424C}.Release|Any CPU.Build.0 = Release|Any CPU
		{C26CEE2C-AC8C-4A30-8D2B-D14837B9424C}.Release|ARM.ActiveCfg = Release|Any CPU
		{C26CEE2C-AC8C-4A30-8D2B-D14837B9424C}.Release|ARM.Build.0 = Release|Any CPU
		{C26CEE2C-AC8C-4A30-8D2B-D14837B9424C}.Release|iPhone.ActiveCfg = Release|Any CPU
		{C26CEE2C-AC8C-4A30-8D2B-D14837B9424C}.Release|iPhone.Build.0 = Release|Any CPU
		{C26CEE2C-AC8C-4A30-8D2B-D14837B9424C}.Release|iPhoneSimulator.ActiveCfg = Release|Any CPU
		{C26CEE2C-AC8C-4A30-8D2B-D14837B9424C}.Release|iPhoneSimulator.Build.0 = Release|Any CPU
		{C26CEE2C-AC8C-4A30-8D2B-D14837B9424C}.Release|x64.ActiveCfg = Release|Any CPU
		{C26CEE2C-AC8C-4A30-8D2B-D14837B9424C}.Release|x64.Build.0 = Release|Any CPU
		{C26CEE2C-AC8C-4A30-8D2B-D14837B9424C}.Release|x86.ActiveCfg = Release|Any CPU
		{C26CEE2C-AC8C-4A30-8D2B-D14837B9424C}.Release|x86.Build.0 = Release|Any CPU
		{8A543AB3-FCDE-444D-B041-F57D155DECAA}.Ad-Hoc|Any CPU.ActiveCfg = Release|Any CPU
		{8A543AB3-FCDE-444D-B041-F57D155DECAA}.Ad-Hoc|Any CPU.Build.0 = Release|Any CPU
		{8A543AB3-FCDE-444D-B041-F57D155DECAA}.Ad-Hoc|ARM.ActiveCfg = Release|Any CPU
		{8A543AB3-FCDE-444D-B041-F57D155DECAA}.Ad-Hoc|ARM.Build.0 = Release|Any CPU
		{8A543AB3-FCDE-444D-B041-F57D155DECAA}.Ad-Hoc|iPhone.ActiveCfg = Release|Any CPU
		{8A543AB3-FCDE-444D-B041-F57D155DECAA}.Ad-Hoc|iPhone.Build.0 = Release|Any CPU
		{8A543AB3-FCDE-444D-B041-F57D155DECAA}.Ad-Hoc|iPhoneSimulator.ActiveCfg = Release|Any CPU
		{8A543AB3-FCDE-444D-B041-F57D155DECAA}.Ad-Hoc|iPhoneSimulator.Build.0 = Release|Any CPU
		{8A543AB3-FCDE-444D-B041-F57D155DECAA}.Ad-Hoc|x64.ActiveCfg = Release|Any CPU
		{8A543AB3-FCDE-444D-B041-F57D155DECAA}.Ad-Hoc|x64.Build.0 = Release|Any CPU
		{8A543AB3-FCDE-444D-B041-F57D155DECAA}.Ad-Hoc|x86.ActiveCfg = Release|Any CPU
		{8A543AB3-FCDE-444D-B041-F57D155DECAA}.Ad-Hoc|x86.Build.0 = Release|Any CPU
		{8A543AB3-FCDE-444D-B041-F57D155DECAA}.AppStore|Any CPU.ActiveCfg = Release|Any CPU
		{8A543AB3-FCDE-444D-B041-F57D155DECAA}.AppStore|Any CPU.Build.0 = Release|Any CPU
		{8A543AB3-FCDE-444D-B041-F57D155DECAA}.AppStore|ARM.ActiveCfg = Release|Any CPU
		{8A543AB3-FCDE-444D-B041-F57D155DECAA}.AppStore|ARM.Build.0 = Release|Any CPU
		{8A543AB3-FCDE-444D-B041-F57D155DECAA}.AppStore|iPhone.ActiveCfg = Release|Any CPU
		{8A543AB3-FCDE-444D-B041-F57D155DECAA}.AppStore|iPhone.Build.0 = Release|Any CPU
		{8A543AB3-FCDE-444D-B041-F57D155DECAA}.AppStore|iPhoneSimulator.ActiveCfg = Release|Any CPU
		{8A543AB3-FCDE-444D-B041-F57D155DECAA}.AppStore|iPhoneSimulator.Build.0 = Release|Any CPU
		{8A543AB3-FCDE-444D-B041-F57D155DECAA}.AppStore|x64.ActiveCfg = Release|Any CPU
		{8A543AB3-FCDE-444D-B041-F57D155DECAA}.AppStore|x64.Build.0 = Release|Any CPU
		{8A543AB3-FCDE-444D-B041-F57D155DECAA}.AppStore|x86.ActiveCfg = Release|Any CPU
		{8A543AB3-FCDE-444D-B041-F57D155DECAA}.AppStore|x86.Build.0 = Release|Any CPU
		{8A543AB3-FCDE-444D-B041-F57D155DECAA}.Debug|Any CPU.ActiveCfg = Debug|Any CPU
		{8A543AB3-FCDE-444D-B041-F57D155DECAA}.Debug|Any CPU.Build.0 = Debug|Any CPU
		{8A543AB3-FCDE-444D-B041-F57D155DECAA}.Debug|ARM.ActiveCfg = Debug|Any CPU
		{8A543AB3-FCDE-444D-B041-F57D155DECAA}.Debug|ARM.Build.0 = Debug|Any CPU
		{8A543AB3-FCDE-444D-B041-F57D155DECAA}.Debug|iPhone.ActiveCfg = Debug|Any CPU
		{8A543AB3-FCDE-444D-B041-F57D155DECAA}.Debug|iPhone.Build.0 = Debug|Any CPU
		{8A543AB3-FCDE-444D-B041-F57D155DECAA}.Debug|iPhoneSimulator.ActiveCfg = Debug|Any CPU
		{8A543AB3-FCDE-444D-B041-F57D155DECAA}.Debug|iPhoneSimulator.Build.0 = Debug|Any CPU
		{8A543AB3-FCDE-444D-B041-F57D155DECAA}.Debug|x64.ActiveCfg = Debug|Any CPU
		{8A543AB3-FCDE-444D-B041-F57D155DECAA}.Debug|x64.Build.0 = Debug|Any CPU
		{8A543AB3-FCDE-444D-B041-F57D155DECAA}.Debug|x86.ActiveCfg = Debug|Any CPU
		{8A543AB3-FCDE-444D-B041-F57D155DECAA}.Debug|x86.Build.0 = Debug|Any CPU
		{8A543AB3-FCDE-444D-B041-F57D155DECAA}.Release|Any CPU.ActiveCfg = Release|Any CPU
		{8A543AB3-FCDE-444D-B041-F57D155DECAA}.Release|Any CPU.Build.0 = Release|Any CPU
		{8A543AB3-FCDE-444D-B041-F57D155DECAA}.Release|ARM.ActiveCfg = Release|Any CPU
		{8A543AB3-FCDE-444D-B041-F57D155DECAA}.Release|ARM.Build.0 = Release|Any CPU
		{8A543AB3-FCDE-444D-B041-F57D155DECAA}.Release|iPhone.ActiveCfg = Release|Any CPU
		{8A543AB3-FCDE-444D-B041-F57D155DECAA}.Release|iPhone.Build.0 = Release|Any CPU
		{8A543AB3-FCDE-444D-B041-F57D155DECAA}.Release|iPhoneSimulator.ActiveCfg = Release|Any CPU
		{8A543AB3-FCDE-444D-B041-F57D155DECAA}.Release|iPhoneSimulator.Build.0 = Release|Any CPU
		{8A543AB3-FCDE-444D-B041-F57D155DECAA}.Release|x64.ActiveCfg = Release|Any CPU
		{8A543AB3-FCDE-444D-B041-F57D155DECAA}.Release|x64.Build.0 = Release|Any CPU
		{8A543AB3-FCDE-444D-B041-F57D155DECAA}.Release|x86.ActiveCfg = Release|Any CPU
		{8A543AB3-FCDE-444D-B041-F57D155DECAA}.Release|x86.Build.0 = Release|Any CPU
		{021790E4-8365-4B0B-B0F8-62686EB63127}.Ad-Hoc|Any CPU.ActiveCfg = Release|Any CPU
		{021790E4-8365-4B0B-B0F8-62686EB63127}.Ad-Hoc|Any CPU.Build.0 = Release|Any CPU
		{021790E4-8365-4B0B-B0F8-62686EB63127}.Ad-Hoc|ARM.ActiveCfg = Release|Any CPU
		{021790E4-8365-4B0B-B0F8-62686EB63127}.Ad-Hoc|ARM.Build.0 = Release|Any CPU
		{021790E4-8365-4B0B-B0F8-62686EB63127}.Ad-Hoc|iPhone.ActiveCfg = Release|Any CPU
		{021790E4-8365-4B0B-B0F8-62686EB63127}.Ad-Hoc|iPhone.Build.0 = Release|Any CPU
		{021790E4-8365-4B0B-B0F8-62686EB63127}.Ad-Hoc|iPhoneSimulator.ActiveCfg = Release|Any CPU
		{021790E4-8365-4B0B-B0F8-62686EB63127}.Ad-Hoc|iPhoneSimulator.Build.0 = Release|Any CPU
		{021790E4-8365-4B0B-B0F8-62686EB63127}.Ad-Hoc|x64.ActiveCfg = Release|Any CPU
		{021790E4-8365-4B0B-B0F8-62686EB63127}.Ad-Hoc|x64.Build.0 = Release|Any CPU
		{021790E4-8365-4B0B-B0F8-62686EB63127}.Ad-Hoc|x86.ActiveCfg = Release|Any CPU
		{021790E4-8365-4B0B-B0F8-62686EB63127}.Ad-Hoc|x86.Build.0 = Release|Any CPU
		{021790E4-8365-4B0B-B0F8-62686EB63127}.AppStore|Any CPU.ActiveCfg = Release|Any CPU
		{021790E4-8365-4B0B-B0F8-62686EB63127}.AppStore|Any CPU.Build.0 = Release|Any CPU
		{021790E4-8365-4B0B-B0F8-62686EB63127}.AppStore|ARM.ActiveCfg = Release|Any CPU
		{021790E4-8365-4B0B-B0F8-62686EB63127}.AppStore|ARM.Build.0 = Release|Any CPU
		{021790E4-8365-4B0B-B0F8-62686EB63127}.AppStore|iPhone.ActiveCfg = Release|Any CPU
		{021790E4-8365-4B0B-B0F8-62686EB63127}.AppStore|iPhone.Build.0 = Release|Any CPU
		{021790E4-8365-4B0B-B0F8-62686EB63127}.AppStore|iPhoneSimulator.ActiveCfg = Release|Any CPU
		{021790E4-8365-4B0B-B0F8-62686EB63127}.AppStore|iPhoneSimulator.Build.0 = Release|Any CPU
		{021790E4-8365-4B0B-B0F8-62686EB63127}.AppStore|x64.ActiveCfg = Release|Any CPU
		{021790E4-8365-4B0B-B0F8-62686EB63127}.AppStore|x64.Build.0 = Release|Any CPU
		{021790E4-8365-4B0B-B0F8-62686EB63127}.AppStore|x86.ActiveCfg = Release|Any CPU
		{021790E4-8365-4B0B-B0F8-62686EB63127}.AppStore|x86.Build.0 = Release|Any CPU
		{021790E4-8365-4B0B-B0F8-62686EB63127}.Debug|Any CPU.ActiveCfg = Debug|Any CPU
		{021790E4-8365-4B0B-B0F8-62686EB63127}.Debug|Any CPU.Build.0 = Debug|Any CPU
		{021790E4-8365-4B0B-B0F8-62686EB63127}.Debug|Any CPU.Deploy.0 = Debug|Any CPU
		{021790E4-8365-4B0B-B0F8-62686EB63127}.Debug|ARM.ActiveCfg = Debug|Any CPU
		{021790E4-8365-4B0B-B0F8-62686EB63127}.Debug|ARM.Build.0 = Debug|Any CPU
		{021790E4-8365-4B0B-B0F8-62686EB63127}.Debug|iPhone.ActiveCfg = Debug|Any CPU
		{021790E4-8365-4B0B-B0F8-62686EB63127}.Debug|iPhone.Build.0 = Debug|Any CPU
		{021790E4-8365-4B0B-B0F8-62686EB63127}.Debug|iPhoneSimulator.ActiveCfg = Debug|Any CPU
		{021790E4-8365-4B0B-B0F8-62686EB63127}.Debug|iPhoneSimulator.Build.0 = Debug|Any CPU
		{021790E4-8365-4B0B-B0F8-62686EB63127}.Debug|x64.ActiveCfg = Debug|Any CPU
		{021790E4-8365-4B0B-B0F8-62686EB63127}.Debug|x64.Build.0 = Debug|Any CPU
		{021790E4-8365-4B0B-B0F8-62686EB63127}.Debug|x86.ActiveCfg = Debug|Any CPU
		{021790E4-8365-4B0B-B0F8-62686EB63127}.Debug|x86.Build.0 = Debug|Any CPU
		{021790E4-8365-4B0B-B0F8-62686EB63127}.Release|Any CPU.ActiveCfg = Release|Any CPU
		{021790E4-8365-4B0B-B0F8-62686EB63127}.Release|Any CPU.Build.0 = Release|Any CPU
		{021790E4-8365-4B0B-B0F8-62686EB63127}.Release|Any CPU.Deploy.0 = Release|Any CPU
		{021790E4-8365-4B0B-B0F8-62686EB63127}.Release|ARM.ActiveCfg = Release|Any CPU
		{021790E4-8365-4B0B-B0F8-62686EB63127}.Release|ARM.Build.0 = Release|Any CPU
		{021790E4-8365-4B0B-B0F8-62686EB63127}.Release|iPhone.ActiveCfg = Release|Any CPU
		{021790E4-8365-4B0B-B0F8-62686EB63127}.Release|iPhone.Build.0 = Release|Any CPU
		{021790E4-8365-4B0B-B0F8-62686EB63127}.Release|iPhoneSimulator.ActiveCfg = Release|Any CPU
		{021790E4-8365-4B0B-B0F8-62686EB63127}.Release|iPhoneSimulator.Build.0 = Release|Any CPU
		{021790E4-8365-4B0B-B0F8-62686EB63127}.Release|x64.ActiveCfg = Release|Any CPU
		{021790E4-8365-4B0B-B0F8-62686EB63127}.Release|x64.Build.0 = Release|Any CPU
		{021790E4-8365-4B0B-B0F8-62686EB63127}.Release|x86.ActiveCfg = Release|Any CPU
		{021790E4-8365-4B0B-B0F8-62686EB63127}.Release|x86.Build.0 = Release|Any CPU
	EndGlobalSection
	GlobalSection(SolutionProperties) = preSolution
		HideSolutionNode = FALSE
	EndGlobalSection
	GlobalSection(ExtensibilityGlobals) = postSolution
		SolutionGuid = {F6D05029-56B8-4E45-AF2D-0E76295DDBA2}
	EndGlobalSection
EndGlobal
